
Microsoft Visual Studio Solution File, Format Version 12.00
# Visual Studio Version 17
VisualStudioVersion = 17.10.35013.160
MinimumVisualStudioVersion = 10.0.40219.1
Project("{FAE04EC0-301F-11D3-BF4B-00C04F79EFBC}") = "AEB", "AEB\AEB.csproj", "{8F68E3E5-527A-4266-B595-5442EC8D7CA0}"
EndProject
Global
	GlobalSection(SolutionConfigurationPlatforms) = preSolution
		Debug|Any CPU = Debug|Any CPU
		Release|Any CPU = Release|Any CPU
	EndGlobalSection
	GlobalSection(ProjectConfigurationPlatforms) = postSolution
		{8F68E3E5-527A-4266-B595-5442EC8D7CA0}.Debug|Any CPU.ActiveCfg = Debug|Any CPU
		{8F68E3E5-527A-4266-B595-5442EC8D7CA0}.Debug|Any CPU.Build.0 = Debug|Any CPU
		{8F68E3E5-527A-4266-B595-5442EC8D7CA0}.Release|Any CPU.ActiveCfg = Release|Any CPU
		{8F68E3E5-527A-4266-B595-5442EC8D7CA0}.Release|Any CPU.Build.0 = Release|Any CPU
	EndGlobalSection
	GlobalSection(SolutionProperties) = preSolution
		HideSolutionNode = FALSE
	EndGlobalSection
	GlobalSection(ExtensibilityGlobals) = postSolution
		SolutionGuid = {6960972A-0CFD-4D44-BE1C-AFD6F2545DAD}
	EndGlobalSection
EndGlobal
